
Microsoft Visual Studio Solution File, Format Version 12.00
# Visual Studio Version 16
VisualStudioVersion = 16.0.31321.278
MinimumVisualStudioVersion = 10.0.40219.1
Project("{FAE04EC0-301F-11D3-BF4B-00C04F79EFBC}") = "AutoTrainer", "AutoTrainer\AutoTrainer.csproj", "{6E6D7903-4181-420C-8122-517C55CB3A3E}"
EndProject
Global
	GlobalSection(SolutionConfigurationPlatforms) = preSolution
		Debug|Any CPU = Debug|Any CPU
		Release|Any CPU = Release|Any CPU
	EndGlobalSection
	GlobalSection(ProjectConfigurationPlatforms) = postSolution
		{6E6D7903-4181-420C-8122-517C55CB3A3E}.Debug|Any CPU.ActiveCfg = Debug|Any CPU
		{6E6D7903-4181-420C-8122-517C55CB3A3E}.Debug|Any CPU.Build.0 = Debug|Any CPU
		{6E6D7903-4181-420C-8122-517C55CB3A3E}.Release|Any CPU.ActiveCfg = Release|Any CPU
		{6E6D7903-4181-420C-8122-517C55CB3A3E}.Release|Any CPU.Build.0 = Release|Any CPU
	EndGlobalSection
	GlobalSection(SolutionProperties) = preSolution
		HideSolutionNode = FALSE
	EndGlobalSection
	GlobalSection(ExtensibilityGlobals) = postSolution
		SolutionGuid = {F88E45CB-AA93-4AF3-A285-8EB6C0D357B4}
	EndGlobalSection
EndGlobal
